{
  "name": "encantar",
  "version": "0.4.4-dev",
  "lockfileVersion": 3,
  "requires": true,
  "packages": {
    "": {
      "name": "encantar",
      "version": "0.4.4-dev",
      "license": "LGPL-3.0-or-later",
      "dependencies": {
        "speedy-vision": "github:alemart/speedy-vision#af1a64017ea1476fdac1adbbba4337732e5bfefb"
      },
      "devDependencies": {
        "esbuild": "0.24.2",
        "typescript": "^4.9.5"
      },
      "funding": {
        "url": "https://github.com/sponsors/alemart"
      }
    },
    "node_modules/@esbuild/linux-x64": {
      "version": "0.24.2",
      "cpu": [
        "x64"
      ],
      "dev": true,
      "license": "MIT",
      "optional": true,
      "os": [
        "linux"
      ],
      "engines": {
        "node": ">=18"
      }
    },
    "node_modules/esbuild": {
      "version": "0.24.2",
      "dev": true,
      "hasInstallScript": true,
      "license": "MIT",
      "bin": {
        "esbuild": "bin/esbuild"
      },
      "engines": {
        "node": ">=18"
      },
      "optionalDependencies": {
        "@esbuild/aix-ppc64": "0.24.2",
        "@esbuild/android-arm": "0.24.2",
        "@esbuild/android-arm64": "0.24.2",
        "@esbuild/android-x64": "0.24.2",
        "@esbuild/darwin-arm64": "0.24.2",
        "@esbuild/darwin-x64": "0.24.2",
        "@esbuild/freebsd-arm64": "0.24.2",
        "@esbuild/freebsd-x64": "0.24.2",
        "@esbuild/linux-arm": "0.24.2",
        "@esbuild/linux-arm64": "0.24.2",
        "@esbuild/linux-ia32": "0.24.2",
        "@esbuild/linux-loong64": "0.24.2",
        "@esbuild/linux-mips64el": "0.24.2",
        "@esbuild/linux-ppc64": "0.24.2",
        "@esbuild/linux-riscv64": "0.24.2",
        "@esbuild/linux-s390x": "0.24.2",
        "@esbuild/linux-x64": "0.24.2",
        "@esbuild/netbsd-arm64": "0.24.2",
        "@esbuild/netbsd-x64": "0.24.2",
        "@esbuild/openbsd-arm64": "0.24.2",
        "@esbuild/openbsd-x64": "0.24.2",
        "@esbuild/sunos-x64": "0.24.2",
        "@esbuild/win32-arm64": "0.24.2",
        "@esbuild/win32-ia32": "0.24.2",
        "@esbuild/win32-x64": "0.24.2"
      }
    },
    "node_modules/speedy-vision": {
      "version": "0.9.1.1",
      "resolved": "git+ssh://git@github.com/alemart/speedy-vision.git#af1a64017ea1476fdac1adbbba4337732e5bfefb",
      "integrity": "sha512-d6iK96sKp8fazja1F/pK8Ymt6kN21IMk39xuypuiInIAlirlQVW2//zXkIDxejunIwB61wYwxtddWLk+4s7D1w==",
      "funding": {
        "url": "https://github.com/sponsors/alemart"
      }
    },
    "node_modules/typescript": {
      "version": "4.9.5",
      "dev": true,
      "license": "Apache-2.0",
      "bin": {
        "tsc": "bin/tsc",
        "tsserver": "bin/tsserver"
      },
      "engines": {
        "node": ">=4.2.0"
      }
    }
  }
}
